
Microsoft Visual Studio Solution File, Format Version 12.00
# Visual Studio 15
Project("{FAE04EC0-301F-11D3-BF4B-00C04F79EFBC}") = "Assembly-CSharp", "Assembly-CSharp.csproj", "{5C4ED7E9-0B20-767E-41BD-DFDCE8587DE7}"
EndProject
Project("{FAE04EC0-301F-11D3-BF4B-00C04F79EFBC}") = "Assembly-CSharp-Editor", "Assembly-CSharp-Editor.csproj", "{C4B49A24-D363-7F9A-9A9C-B4CAB73EDC66}"
EndProject
Project("{FAE04EC0-301F-11D3-BF4B-00C04F79EFBC}") = "PackageManagerAssembly", "PackageManagerAssembly.csproj", "{06C95240-639B-75BF-25BE-6CE19F0ED6C8}"
EndProject
Project("{FAE04EC0-301F-11D3-BF4B-00C04F79EFBC}") = "ExternalCheck", "ExternalCheck.csproj", "{BEF88C21-9C92-0C08-D900-D902A939C89B}"
EndProject
Global
	GlobalSection(SolutionConfigurationPlatforms) = preSolution
		Debug|Any CPU = Debug|Any CPU
		Release|Any CPU = Release|Any CPU
	EndGlobalSection
	GlobalSection(ProjectConfigurationPlatforms) = postSolution
		{5C4ED7E9-0B20-767E-41BD-DFDCE8587DE7}.Debug|Any CPU.ActiveCfg = Debug|Any CPU
		{5C4ED7E9-0B20-767E-41BD-DFDCE8587DE7}.Debug|Any CPU.Build.0 = Debug|Any CPU
		{5C4ED7E9-0B20-767E-41BD-DFDCE8587DE7}.Release|Any CPU.ActiveCfg = Release|Any CPU
		{5C4ED7E9-0B20-767E-41BD-DFDCE8587DE7}.Release|Any CPU.Build.0 = Release|Any CPU
		{C4B49A24-D363-7F9A-9A9C-B4CAB73EDC66}.Debug|Any CPU.ActiveCfg = Debug|Any CPU
		{C4B49A24-D363-7F9A-9A9C-B4CAB73EDC66}.Debug|Any CPU.Build.0 = Debug|Any CPU
		{C4B49A24-D363-7F9A-9A9C-B4CAB73EDC66}.Release|Any CPU.ActiveCfg = Release|Any CPU
		{C4B49A24-D363-7F9A-9A9C-B4CAB73EDC66}.Release|Any CPU.Build.0 = Release|Any CPU
		{06C95240-639B-75BF-25BE-6CE19F0ED6C8}.Debug|Any CPU.ActiveCfg = Debug|Any CPU
		{06C95240-639B-75BF-25BE-6CE19F0ED6C8}.Debug|Any CPU.Build.0 = Debug|Any CPU
		{06C95240-639B-75BF-25BE-6CE19F0ED6C8}.Release|Any CPU.ActiveCfg = Release|Any CPU
		{06C95240-639B-75BF-25BE-6CE19F0ED6C8}.Release|Any CPU.Build.0 = Release|Any CPU
		{BEF88C21-9C92-0C08-D900-D902A939C89B}.Debug|Any CPU.ActiveCfg = Debug|Any CPU
		{BEF88C21-9C92-0C08-D900-D902A939C89B}.Debug|Any CPU.Build.0 = Debug|Any CPU
		{BEF88C21-9C92-0C08-D900-D902A939C89B}.Release|Any CPU.ActiveCfg = Release|Any CPU
		{BEF88C21-9C92-0C08-D900-D902A939C89B}.Release|Any CPU.Build.0 = Release|Any CPU
	EndGlobalSection
	GlobalSection(SolutionProperties) = preSolution
		HideSolutionNode = FALSE
	EndGlobalSection
EndGlobal
